// !$*UTF8*$!
{
	archiveVersion = 1;
	classes = {
	};
	objectVersion = 48;
	objects = {

/* Begin PBXBuildFile section */
		BA73B5052351572900867B88 /* AppDelegate.swift in Sources */ = {isa = PBXBuildFile; fileRef = BA73B5042351572900867B88 /* AppDelegate.swift */; };
		BA73B5072351572900867B88 /* ViewController.swift in Sources */ = {isa = PBXBuildFile; fileRef = BA73B5062351572900867B88 /* ViewController.swift */; };
		BA73B50A2351572900867B88 /* Main.storyboard in Resources */ = {isa = PBXBuildFile; fileRef = BA73B5082351572900867B88 /* Main.storyboard */; };
		BA73B50F2351572900867B88 /* Assets.xcassets in Resources */ = {isa = PBXBuildFile; fileRef = BA73B50E2351572900867B88 /* Assets.xcassets */; };
		BA73B5122351572900867B88 /* LaunchScreen.storyboard in Resources */ = {isa = PBXBuildFile; fileRef = BA73B5102351572900867B88 /* LaunchScreen.storyboard */; };
		BA73B51D2351572900867B88 /* DoubanBooksTests.swift in Sources */ = {isa = PBXBuildFile; fileRef = BA73B51C2351572900867B88 /* DoubanBooksTests.swift */; };
		BA73B5292351575B00867B88 /* DoubanBooks.xcdatamodeld in Sources */ = {isa = PBXBuildFile; fileRef = BA73B5272351575B00867B88 /* DoubanBooks.xcdatamodeld */; };
		BA73B54223516B3600867B88 /* VMCategory.swift in Sources */ = {isa = PBXBuildFile; fileRef = BA73B54123516B3600867B88 /* VMCategory.swift */; };
		BA73B54423516C3800867B88 /* CategoryRepository.swift in Sources */ = {isa = PBXBuildFile; fileRef = BA73B54323516C3800867B88 /* CategoryRepository.swift */; };
		BA73B546235181E300867B88 /* DataError.swift in Sources */ = {isa = PBXBuildFile; fileRef = BA73B545235181E300867B88 /* DataError.swift */; };
		BA7557242355ACE60075CBC1 /* VMBook.swift in Sources */ = {isa = PBXBuildFile; fileRef = BA7557232355ACE60075CBC1 /* VMBook.swift */; };
		BA7557262355AECC0075CBC1 /* BookRepository.swift in Sources */ = {isa = PBXBuildFile; fileRef = BA7557252355AECC0075CBC1 /* BookRepository.swift */; };
		BA7557282355BCFB0075CBC1 /* BookFactory.swift in Sources */ = {isa = PBXBuildFile; fileRef = BA7557272355BCFB0075CBC1 /* BookFactory.swift */; };
		BA75572A2355CCF50075CBC1 /* DataViewModelDelegate.swift in Sources */ = {isa = PBXBuildFile; fileRef = BA7557292355CCF50075CBC1 /* DataViewModelDelegate.swift */; };
		BA75572C2355CD2A0075CBC1 /* Repository.swift in Sources */ = {isa = PBXBuildFile; fileRef = BA75572B2355CD2A0075CBC1 /* Repository.swift */; };
		BA7759C12353F564009A7DBC /* CategoryFactory.swift in Sources */ = {isa = PBXBuildFile; fileRef = BA7759C02353F564009A7DBC /* CategoryFactory.swift */; };
/* End PBXBuildFile section */

/* Begin PBXContainerItemProxy section */
		BA73B5192351572900867B88 /* PBXContainerItemProxy */ = {
			isa = PBXContainerItemProxy;
			containerPortal = BA73B4F92351572900867B88 /* Project object */;
			proxyType = 1;
			remoteGlobalIDString = BA73B5002351572900867B88;
			remoteInfo = DoubanBooks;
		};
/* End PBXContainerItemProxy section */

/* Begin PBXFileReference section */
		BA73B5012351572900867B88 /* DoubanBooks.app */ = {isa = PBXFileReference; explicitFileType = wrapper.application; includeInIndex = 0; path = DoubanBooks.app; sourceTree = BUILT_PRODUCTS_DIR; };
		BA73B5042351572900867B88 /* AppDelegate.swift */ = {isa = PBXFileReference; lastKnownFileType = sourcecode.swift; path = AppDelegate.swift; sourceTree = "<group>"; };
		BA73B5062351572900867B88 /* ViewController.swift */ = {isa = PBXFileReference; lastKnownFileType = sourcecode.swift; path = ViewController.swift; sourceTree = "<group>"; };
		BA73B5092351572900867B88 /* Base */ = {isa = PBXFileReference; lastKnownFileType = file.storyboard; name = Base; path = Base.lproj/Main.storyboard; sourceTree = "<group>"; };
		BA73B50E2351572900867B88 /* Assets.xcassets */ = {isa = PBXFileReference; lastKnownFileType = folder.assetcatalog; path = Assets.xcassets; sourceTree = "<group>"; };
		BA73B5112351572900867B88 /* Base */ = {isa = PBXFileReference; lastKnownFileType = file.storyboard; name = Base; path = Base.lproj/LaunchScreen.storyboard; sourceTree = "<group>"; };
		BA73B5132351572900867B88 /* Info.plist */ = {isa = PBXFileReference; lastKnownFileType = text.plist.xml; path = Info.plist; sourceTree = "<group>"; };
		BA73B5182351572900867B88 /* DoubanBooksTests.xctest */ = {isa = PBXFileReference; explicitFileType = wrapper.cfbundle; includeInIndex = 0; path = DoubanBooksTests.xctest; sourceTree = BUILT_PRODUCTS_DIR; };
		BA73B51C2351572900867B88 /* DoubanBooksTests.swift */ = {isa = PBXFileReference; lastKnownFileType = sourcecode.swift; path = DoubanBooksTests.swift; sourceTree = "<group>"; };
		BA73B51E2351572900867B88 /* Info.plist */ = {isa = PBXFileReference; lastKnownFileType = text.plist.xml; path = Info.plist; sourceTree = "<group>"; };
		BA73B5282351575B00867B88 /* DoubanBooks.xcdatamodel */ = {isa = PBXFileReference; lastKnownFileType = wrapper.xcdatamodel; path = DoubanBooks.xcdatamodel; sourceTree = "<group>"; };
		BA73B53223515DD200867B88 /* DoubanBooks 2.xcdatamodel */ = {isa = PBXFileReference; lastKnownFileType = wrapper.xcdatamodel; path = "DoubanBooks 2.xcdatamodel"; sourceTree = "<group>"; };
		BA73B53323515FAD00867B88 /* Category+CoreDataClass.swift */ = {isa = PBXFileReference; lastKnownFileType = sourcecode.swift; path = "Category+CoreDataClass.swift"; sourceTree = "<group>"; };
		BA73B53423515FAD00867B88 /* Category+CoreDataProperties.swift */ = {isa = PBXFileReference; lastKnownFileType = sourcecode.swift; path = "Category+CoreDataProperties.swift"; sourceTree = "<group>"; };
		BA73B53523515FAD00867B88 /* Book+CoreDataClass.swift */ = {isa = PBXFileReference; lastKnownFileType = sourcecode.swift; path = "Book+CoreDataClass.swift"; sourceTree = "<group>"; };
		BA73B53623515FAD00867B88 /* Book+CoreDataProperties.swift */ = {isa = PBXFileReference; lastKnownFileType = sourcecode.swift; path = "Book+CoreDataProperties.swift"; sourceTree = "<group>"; };
		BA73B54123516B3600867B88 /* VMCategory.swift */ = {isa = PBXFileReference; lastKnownFileType = sourcecode.swift; path = VMCategory.swift; sourceTree = "<group>"; };
		BA73B54323516C3800867B88 /* CategoryRepository.swift */ = {isa = PBXFileReference; lastKnownFileType = sourcecode.swift; path = CategoryRepository.swift; sourceTree = "<group>"; };
		BA73B545235181E300867B88 /* DataError.swift */ = {isa = PBXFileReference; lastKnownFileType = sourcecode.swift; path = DataError.swift; sourceTree = "<group>"; };
		BA7557232355ACE60075CBC1 /* VMBook.swift */ = {isa = PBXFileReference; lastKnownFileType = sourcecode.swift; path = VMBook.swift; sourceTree = "<group>"; };
		BA7557252355AECC0075CBC1 /* BookRepository.swift */ = {isa = PBXFileReference; lastKnownFileType = sourcecode.swift; path = BookRepository.swift; sourceTree = "<group>"; };
		BA7557272355BCFB0075CBC1 /* BookFactory.swift */ = {isa = PBXFileReference; lastKnownFileType = sourcecode.swift; path = BookFactory.swift; sourceTree = "<group>"; };
		BA7557292355CCF50075CBC1 /* DataViewModelDelegate.swift */ = {isa = PBXFileReference; lastKnownFileType = sourcecode.swift; path = DataViewModelDelegate.swift; sourceTree = "<group>"; };
		BA75572B2355CD2A0075CBC1 /* Repository.swift */ = {isa = PBXFileReference; lastKnownFileType = sourcecode.swift; path = Repository.swift; sourceTree = "<group>"; };
		BA7759C02353F564009A7DBC /* CategoryFactory.swift */ = {isa = PBXFileReference; lastKnownFileType = sourcecode.swift; path = CategoryFactory.swift; sourceTree = "<group>"; };
/* End PBXFileReference section */

/* Begin PBXFrameworksBuildPhase section */
		BA73B4FE2351572900867B88 /* Frameworks */ = {
			isa = PBXFrameworksBuildPhase;
			buildActionMask = 2147483647;
			files = (
			);
			runOnlyForDeploymentPostprocessing = 0;
		};
		BA73B5152351572900867B88 /* Frameworks */ = {
			isa = PBXFrameworksBuildPhase;
			buildActionMask = 2147483647;
			files = (
			);
			runOnlyForDeploymentPostprocessing = 0;
		};
/* End PBXFrameworksBuildPhase section */

/* Begin PBXGroup section */
		BA73B4F82351572900867B88 = {
			isa = PBXGroup;
			children = (
				BA73B53323515FAD00867B88 /* Category+CoreDataClass.swift */,
				BA73B53423515FAD00867B88 /* Category+CoreDataProperties.swift */,
				BA73B53523515FAD00867B88 /* Book+CoreDataClass.swift */,
				BA73B53623515FAD00867B88 /* Book+CoreDataProperties.swift */,
				BA73B5032351572900867B88 /* DoubanBooks */,
				BA73B51B2351572900867B88 /* DoubanBooksTests */,
				BA73B5022351572900867B88 /* Products */,
			);
			sourceTree = "<group>";
		};
		BA73B5022351572900867B88 /* Products */ = {
			isa = PBXGroup;
			children = (
				BA73B5012351572900867B88 /* DoubanBooks.app */,
				BA73B5182351572900867B88 /* DoubanBooksTests.xctest */,
			);
			name = Products;
			sourceTree = "<group>";
		};
		BA73B5032351572900867B88 /* DoubanBooks */ = {
			isa = PBXGroup;
			children = (
				BA73B54023516AF300867B88 /* Network */,
				BA73B53F23516AD100867B88 /* Perslsts */,
				BA73B53E23516AAA00867B88 /* Views */,
				BA73B53D23516A9A00867B88 /* Utils */,
				BA73B53C23516A7800867B88 /* Controllers */,
				BA73B53B23516A1200867B88 /* Models */,
				BA73B5042351572900867B88 /* AppDelegate.swift */,
				BA73B5062351572900867B88 /* ViewController.swift */,
				BA73B5082351572900867B88 /* Main.storyboard */,
				BA73B50E2351572900867B88 /* Assets.xcassets */,
				BA73B5102351572900867B88 /* LaunchScreen.storyboard */,
				BA73B5132351572900867B88 /* Info.plist */,
				BA73B5272351575B00867B88 /* DoubanBooks.xcdatamodeld */,
			);
			path = DoubanBooks;
			sourceTree = "<group>";
		};
		BA73B51B2351572900867B88 /* DoubanBooksTests */ = {
			isa = PBXGroup;
			children = (
				BA73B51C2351572900867B88 /* DoubanBooksTests.swift */,
				BA73B51E2351572900867B88 /* Info.plist */,
			);
			path = DoubanBooksTests;
			sourceTree = "<group>";
		};
		BA73B53B23516A1200867B88 /* Models */ = {
			isa = PBXGroup;
			children = (
				BA73B54123516B3600867B88 /* VMCategory.swift */,
				BA7759C02353F564009A7DBC /* CategoryFactory.swift */,
				BA7557232355ACE60075CBC1 /* VMBook.swift */,
				BA7557272355BCFB0075CBC1 /* BookFactory.swift */,
			);
			path = Models;
			sourceTree = "<group>";
		};
		BA73B53C23516A7800867B88 /* Controllers */ = {
			isa = PBXGroup;
			children = (
			);
			path = Controllers;
			sourceTree = "<group>";
		};
		BA73B53D23516A9A00867B88 /* Utils */ = {
			isa = PBXGroup;
			children = (
			);
			path = Utils;
			sourceTree = "<group>";
		};
		BA73B53E23516AAA00867B88 /* Views */ = {
			isa = PBXGroup;
			children = (
			);
			path = Views;
			sourceTree = "<group>";
		};
		BA73B53F23516AD100867B88 /* Perslsts */ = {
			isa = PBXGroup;
			children = (
				BA73B54323516C3800867B88 /* CategoryRepository.swift */,
				BA73B545235181E300867B88 /* DataError.swift */,
				BA7557252355AECC0075CBC1 /* BookRepository.swift */,
				BA7557292355CCF50075CBC1 /* DataViewModelDelegate.swift */,
				BA75572B2355CD2A0075CBC1 /* Repository.swift */,
			);
			path = Perslsts;
			sourceTree = "<group>";
		};
		BA73B54023516AF300867B88 /* Network */ = {
			isa = PBXGroup;
			children = (
			);
			path = Network;
			sourceTree = "<group>";
		};
/* End PBXGroup section */

/* Begin PBXNativeTarget section */
		BA73B5002351572900867B88 /* DoubanBooks */ = {
			isa = PBXNativeTarget;
			buildConfigurationList = BA73B5212351572900867B88 /* Build configuration list for PBXNativeTarget "DoubanBooks" */;
			buildPhases = (
				BA73B4FD2351572900867B88 /* Sources */,
				BA73B4FE2351572900867B88 /* Frameworks */,
				BA73B4FF2351572900867B88 /* Resources */,
			);
			buildRules = (
			);
			dependencies = (
			);
			name = DoubanBooks;
			productName = DoubanBooks;
			productReference = BA73B5012351572900867B88 /* DoubanBooks.app */;
			productType = "com.apple.product-type.application";
		};
		BA73B5172351572900867B88 /* DoubanBooksTests */ = {
			isa = PBXNativeTarget;
			buildConfigurationList = BA73B5242351572900867B88 /* Build configuration list for PBXNativeTarget "DoubanBooksTests" */;
			buildPhases = (
				BA73B5142351572900867B88 /* Sources */,
				BA73B5152351572900867B88 /* Frameworks */,
				BA73B5162351572900867B88 /* Resources */,
			);
			buildRules = (
			);
			dependencies = (
				BA73B51A2351572900867B88 /* PBXTargetDependency */,
			);
			name = DoubanBooksTests;
			productName = DoubanBooksTests;
			productReference = BA73B5182351572900867B88 /* DoubanBooksTests.xctest */;
			productType = "com.apple.product-type.bundle.unit-test";
		};
/* End PBXNativeTarget section */

/* Begin PBXProject section */
		BA73B4F92351572900867B88 /* Project object */ = {
			isa = PBXProject;
			attributes = {
				LastSwiftUpdateCheck = 0920;
				LastUpgradeCheck = 0920;
				ORGANIZATIONNAME = 2017yd;
				TargetAttributes = {
					BA73B5002351572900867B88 = {
						CreatedOnToolsVersion = 9.2;
						ProvisioningStyle = Automatic;
					};
					BA73B5172351572900867B88 = {
						CreatedOnToolsVersion = 9.2;
						ProvisioningStyle = Automatic;
						TestTargetID = BA73B5002351572900867B88;
					};
				};
			};
			buildConfigurationList = BA73B4FC2351572900867B88 /* Build configuration list for PBXProject "DoubanBooks" */;
			compatibilityVersion = "Xcode 8.0";
			developmentRegion = en;
			hasScannedForEncodings = 0;
			knownRegions = (
				en,
				Base,
			);
			mainGroup = BA73B4F82351572900867B88;
			productRefGroup = BA73B5022351572900867B88 /* Products */;
			projectDirPath = "";
			projectRoot = "";
			targets = (
				BA73B5002351572900867B88 /* DoubanBooks */,
				BA73B5172351572900867B88 /* DoubanBooksTests */,
			);
		};
/* End PBXProject section */

/* Begin PBXResourcesBuildPhase section */
		BA73B4FF2351572900867B88 /* Resources */ = {
			isa = PBXResourcesBuildPhase;
			buildActionMask = 2147483647;
			files = (
				BA73B5122351572900867B88 /* LaunchScreen.storyboard in Resources */,
				BA73B50F2351572900867B88 /* Assets.xcassets in Resources */,
				BA73B50A2351572900867B88 /* Main.storyboard in Resources */,
			);
			runOnlyForDeploymentPostprocessing = 0;
		};
		BA73B5162351572900867B88 /* Resources */ = {
			isa = PBXResourcesBuildPhase;
			buildActionMask = 2147483647;
			files = (
			);
			runOnlyForDeploymentPostprocessing = 0;
		};
/* End PBXResourcesBuildPhase section */

/* Begin PBXSourcesBuildPhase section */
		BA73B4FD2351572900867B88 /* Sources */ = {
			isa = PBXSourcesBuildPhase;
			buildActionMask = 2147483647;
			files = (
				BA73B546235181E300867B88 /* DataError.swift in Sources */,
				BA73B54223516B3600867B88 /* VMCategory.swift in Sources */,
				BA7557262355AECC0075CBC1 /* BookRepository.swift in Sources */,
				BA7557282355BCFB0075CBC1 /* BookFactory.swift in Sources */,
				BA73B5072351572900867B88 /* ViewController.swift in Sources */,
				BA7759C12353F564009A7DBC /* CategoryFactory.swift in Sources */,
				BA73B5052351572900867B88 /* AppDelegate.swift in Sources */,
				BA7557242355ACE60075CBC1 /* VMBook.swift in Sources */,
				BA75572A2355CCF50075CBC1 /* DataViewModelDelegate.swift in Sources */,
				BA73B54423516C3800867B88 /* CategoryRepository.swift in Sources */,
				BA73B5292351575B00867B88 /* DoubanBooks.xcdatamodeld in Sources */,
				BA75572C2355CD2A0075CBC1 /* Repository.swift in Sources */,
			);
			runOnlyForDeploymentPostprocessing = 0;
		};
		BA73B5142351572900867B88 /* Sources */ = {
			isa = PBXSourcesBuildPhase;
			buildActionMask = 2147483647;
			files = (
				BA73B51D2351572900867B88 /* DoubanBooksTests.swift in Sources */,
			);
			runOnlyForDeploymentPostprocessing = 0;
		};
/* End PBXSourcesBuildPhase section */

/* Begin PBXTargetDependency section */
		BA73B51A2351572900867B88 /* PBXTargetDependency */ = {
			isa = PBXTargetDependency;
			target = BA73B5002351572900867B88 /* DoubanBooks */;
			targetProxy = BA73B5192351572900867B88 /* PBXContainerItemProxy */;
		};
/* End PBXTargetDependency section */

/* Begin PBXVariantGroup section */
		BA73B5082351572900867B88 /* Main.storyboard */ = {
			isa = PBXVariantGroup;
			children = (
				BA73B5092351572900867B88 /* Base */,
			);
			name = Main.storyboard;
			sourceTree = "<group>";
		};
		BA73B5102351572900867B88 /* LaunchScreen.storyboard */ = {
			isa = PBXVariantGroup;
			children = (
				BA73B5112351572900867B88 /* Base */,
			);
			name = LaunchScreen.storyboard;
			sourceTree = "<group>";
		};
/* End PBXVariantGroup section */

/* Begin XCBuildConfiguration section */
		BA73B51F2351572900867B88 /* Debug */ = {
			isa = XCBuildConfiguration;
			buildSettings = {
				ALWAYS_SEARCH_USER_PATHS = NO;
				CLANG_ANALYZER_NONNULL = YES;
				CLANG_ANALYZER_NUMBER_OBJECT_CONVERSION = YES_AGGRESSIVE;
				CLANG_CXX_LANGUAGE_STANDARD = "gnu++14";
				CLANG_CXX_LIBRARY = "libc++";
				CLANG_ENABLE_MODULES = YES;
				CLANG_ENABLE_OBJC_ARC = YES;
				CLANG_WARN_BLOCK_CAPTURE_AUTORELEASING = YES;
				CLANG_WARN_BOOL_CONVERSION = YES;
				CLANG_WARN_COMMA = YES;
				CLANG_WARN_CONSTANT_CONVERSION = YES;
				CLANG_WARN_DIRECT_OBJC_ISA_USAGE = YES_ERROR;
				CLANG_WARN_DOCUMENTATION_COMMENTS = YES;
				CLANG_WARN_EMPTY_BODY = YES;
				CLANG_WARN_ENUM_CONVERSION = YES;
				CLANG_WARN_INFINITE_RECURSION = YES;
				CLANG_WARN_INT_CONVERSION = YES;
				CLANG_WARN_NON_LITERAL_NULL_CONVERSION = YES;
				CLANG_WARN_OBJC_LITERAL_CONVERSION = YES;
				CLANG_WARN_OBJC_ROOT_CLASS = YES_ERROR;
				CLANG_WARN_RANGE_LOOP_ANALYSIS = YES;
				CLANG_WARN_STRICT_PROTOTYPES = YES;
				CLANG_WARN_SUSPICIOUS_MOVE = YES;
				CLANG_WARN_UNGUARDED_AVAILABILITY = YES_AGGRESSIVE;
				CLANG_WARN_UNREACHABLE_CODE = YES;
				CLANG_WARN__DUPLICATE_METHOD_MATCH = YES;
				CODE_SIGN_IDENTITY = "iPhone Developer";
				COPY_PHASE_STRIP = NO;
				DEBUG_INFORMATION_FORMAT = dwarf;
				ENABLE_STRICT_OBJC_MSGSEND = YES;
				ENABLE_TESTABILITY = YES;
				GCC_C_LANGUAGE_STANDARD = gnu11;
				GCC_DYNAMIC_NO_PIC = NO;
				GCC_NO_COMMON_BLOCKS = YES;
				GCC_OPTIMIZATION_LEVEL = 0;
				GCC_PREPROCESSOR_DEFINITIONS = (
					"DEBUG=1",
					"$(inherited)",
				);
				GCC_WARN_64_TO_32_BIT_CONVERSION = YES;
				GCC_WARN_ABOUT_RETURN_TYPE = YES_ERROR;
				GCC_WARN_UNDECLARED_SELECTOR = YES;
				GCC_WARN_UNINITIALIZED_AUTOS = YES_AGGRESSIVE;
				GCC_WARN_UNUSED_FUNCTION = YES;
				GCC_WARN_UNUSED_VARIABLE = YES;
				IPHONEOS_DEPLOYMENT_TARGET = 11.2;
				MTL_ENABLE_DEBUG_INFO = YES;
				ONLY_ACTIVE_ARCH = YES;
				SDKROOT = iphoneos;
				SWIFT_ACTIVE_COMPILATION_CONDITIONS = DEBUG;
				SWIFT_OPTIMIZATION_LEVEL = "-Onone";
			};
			name = Debug;
		};
		BA73B5202351572900867B88 /* Release */ = {
			isa = XCBuildConfiguration;
			buildSettings = {
				ALWAYS_SEARCH_USER_PATHS = NO;
				CLANG_ANALYZER_NONNULL = YES;
				CLANG_ANALYZER_NUMBER_OBJECT_CONVERSION = YES_AGGRESSIVE;
				CLANG_CXX_LANGUAGE_STANDARD = "gnu++14";
				CLANG_CXX_LIBRARY = "libc++";
				CLANG_ENABLE_MODULES = YES;
				CLANG_ENABLE_OBJC_ARC = YES;
				CLANG_WARN_BLOCK_CAPTURE_AUTORELEASING = YES;
				CLANG_WARN_BOOL_CONVERSION = YES;
				CLANG_WARN_COMMA = YES;
				CLANG_WARN_CONSTANT_CONVERSION = YES;
				CLANG_WARN_DIRECT_OBJC_ISA_USAGE = YES_ERROR;
				CLANG_WARN_DOCUMENTATION_COMMENTS = YES;
				CLANG_WARN_EMPTY_BODY = YES;
				CLANG_WARN_ENUM_CONVERSION = YES;
				CLANG_WARN_INFINITE_RECURSION = YES;
				CLANG_WARN_INT_CONVERSION = YES;
				CLANG_WARN_NON_LITERAL_NULL_CONVERSION = YES;
				CLANG_WARN_OBJC_LITERAL_CONVERSION = YES;
				CLANG_WARN_OBJC_ROOT_CLASS = YES_ERROR;
				CLANG_WARN_RANGE_LOOP_ANALYSIS = YES;
				CLANG_WARN_STRICT_PROTOTYPES = YES;
				CLANG_WARN_SUSPICIOUS_MOVE = YES;
				CLANG_WARN_UNGUARDED_AVAILABILITY = YES_AGGRESSIVE;
				CLANG_WARN_UNREACHABLE_CODE = YES;
				CLANG_WARN__DUPLICATE_METHOD_MATCH = YES;
				CODE_SIGN_IDENTITY = "iPhone Developer";
				COPY_PHASE_STRIP = NO;
				DEBUG_INFORMATION_FORMAT = "dwarf-with-dsym";
				ENABLE_NS_ASSERTIONS = NO;
				ENABLE_STRICT_OBJC_MSGSEND = YES;
				GCC_C_LANGUAGE_STANDARD = gnu11;
				GCC_NO_COMMON_BLOCKS = YES;
				GCC_WARN_64_TO_32_BIT_CONVERSION = YES;
				GCC_WARN_ABOUT_RETURN_TYPE = YES_ERROR;
				GCC_WARN_UNDECLARED_SELECTOR = YES;
				GCC_WARN_UNINITIALIZED_AUTOS = YES_AGGRESSIVE;
				GCC_WARN_UNUSED_FUNCTION = YES;
				GCC_WARN_UNUSED_VARIABLE = YES;
				IPHONEOS_DEPLOYMENT_TARGET = 11.2;
				MTL_ENABLE_DEBUG_INFO = NO;
				SDKROOT = iphoneos;
				SWIFT_OPTIMIZATION_LEVEL = "-Owholemodule";
				VALIDATE_PRODUCT = YES;
			};
			name = Release;
		};
		BA73B5222351572900867B88 /* Debug */ = {
			isa = XCBuildConfiguration;
			buildSettings = {
				ASSETCATALOG_COMPILER_APPICON_NAME = AppIcon;
				CODE_SIGN_STYLE = Automatic;
				INFOPLIST_FILE = DoubanBooks/Info.plist;
				LD_RUNPATH_SEARCH_PATHS = "$(inherited) @executable_path/Frameworks";
				PRODUCT_BUNDLE_IDENTIFIER = "-01712.DoubanBooks";
				PRODUCT_NAME = "$(TARGET_NAME)";
				SWIFT_VERSION = 4.0;
				TARGETED_DEVICE_FAMILY = "1,2";
			};
			name = Debug;
		};
		BA73B5232351572900867B88 /* Release */ = {
			isa = XCBuildConfiguration;
			buildSettings = {
				ASSETCATALOG_COMPILER_APPICON_NAME = AppIcon;
				CODE_SIGN_STYLE = Automatic;
				INFOPLIST_FILE = DoubanBooks/Info.plist;
				LD_RUNPATH_SEARCH_PATHS = "$(inherited) @executable_path/Frameworks";
				PRODUCT_BUNDLE_IDENTIFIER = "-01712.DoubanBooks";
				PRODUCT_NAME = "$(TARGET_NAME)";
				SWIFT_VERSION = 4.0;
				TARGETED_DEVICE_FAMILY = "1,2";
			};
			name = Release;
		};
		BA73B5252351572900867B88 /* Debug */ = {
			isa = XCBuildConfiguration;
			buildSettings = {
				ALWAYS_EMBED_SWIFT_STANDARD_LIBRARIES = YES;
				BUNDLE_LOADER = "$(TEST_HOST)";
				CODE_SIGN_STYLE = Automatic;
				INFOPLIST_FILE = DoubanBooksTests/Info.plist;
				LD_RUNPATH_SEARCH_PATHS = "$(inherited) @executable_path/Frameworks @loader_path/Frameworks";
				PRODUCT_BUNDLE_IDENTIFIER = "-01712.DoubanBooksTests";
				PRODUCT_NAME = "$(TARGET_NAME)";
				SWIFT_VERSION = 4.0;
				TARGETED_DEVICE_FAMILY = "1,2";
				TEST_HOST = "$(BUILT_PRODUCTS_DIR)/DoubanBooks.app/DoubanBooks";
			};
			name = Debug;
		};
		BA73B5262351572900867B88 /* Release */ = {
			isa = XCBuildConfiguration;
			buildSettings = {
				ALWAYS_EMBED_SWIFT_STANDARD_LIBRARIES = YES;
				BUNDLE_LOADER = "$(TEST_HOST)";
				CODE_SIGN_STYLE = Automatic;
				INFOPLIST_FILE = DoubanBooksTests/Info.plist;
				LD_RUNPATH_SEARCH_PATHS = "$(inherited) @executable_path/Frameworks @loader_path/Frameworks";
				PRODUCT_BUNDLE_IDENTIFIER = "-01712.DoubanBooksTests";
				PRODUCT_NAME = "$(TARGET_NAME)";
				SWIFT_VERSION = 4.0;
				TARGETED_DEVICE_FAMILY = "1,2";
				TEST_HOST = "$(BUILT_PRODUCTS_DIR)/DoubanBooks.app/DoubanBooks";
			};
			name = Release;
		};
/* End XCBuildConfiguration section */

/* Begin XCConfigurationList section */
		BA73B4FC2351572900867B88 /* Build configuration list for PBXProject "DoubanBooks" */ = {
			isa = XCConfigurationList;
			buildConfigurations = (
				BA73B51F2351572900867B88 /* Debug */,
				BA73B5202351572900867B88 /* Release */,
			);
			defaultConfigurationIsVisible = 0;
			defaultConfigurationName = Release;
		};
		BA73B5212351572900867B88 /* Build configuration list for PBXNativeTarget "DoubanBooks" */ = {
			isa = XCConfigurationList;
			buildConfigurations = (
				BA73B5222351572900867B88 /* Debug */,
				BA73B5232351572900867B88 /* Release */,
			);
			defaultConfigurationIsVisible = 0;
			defaultConfigurationName = Release;
		};
		BA73B5242351572900867B88 /* Build configuration list for PBXNativeTarget "DoubanBooksTests" */ = {
			isa = XCConfigurationList;
			buildConfigurations = (
				BA73B5252351572900867B88 /* Debug */,
				BA73B5262351572900867B88 /* Release */,
			);
			defaultConfigurationIsVisible = 0;
			defaultConfigurationName = Release;
		};
/* End XCConfigurationList section */

/* Begin XCVersionGroup section */
		BA73B5272351575B00867B88 /* DoubanBooks.xcdatamodeld */ = {
			isa = XCVersionGroup;
			children = (
				BA73B53223515DD200867B88 /* DoubanBooks 2.xcdatamodel */,
				BA73B5282351575B00867B88 /* DoubanBooks.xcdatamodel */,
			);
			currentVersion = BA73B53223515DD200867B88 /* DoubanBooks 2.xcdatamodel */;
			path = DoubanBooks.xcdatamodeld;
			sourceTree = SOURCE_ROOT;
			versionGroupType = wrapper.xcdatamodel;
		};
/* End XCVersionGroup section */
	};
	rootObject = BA73B4F92351572900867B88 /* Project object */;
}
